
Microsoft Visual Studio Solution File, Format Version 12.00
# Visual Studio Version 17
Project("{2150E333-8FDC-42A3-9474-1A3956D46DE8}") = "CMakePredefinedTargets", "CMakePredefinedTargets", "{1EC3771E-F7B0-3028-A5CF-94CFF2C7BAB4}"
EndProject
Project("{8BC9CEB8-8B4A-11D0-8D11-00A0C91BC942}") = "ALL_BUILD", "ALL_BUILD.vcxproj", "{69909186-17CB-3AB1-AE4A-CE638ED24DA5}"
	ProjectSection(ProjectDependencies) = postProject
		{BA685FB6-5E85-3D41-96C2-7924F9B3B6A9} = {BA685FB6-5E85-3D41-96C2-7924F9B3B6A9}
		{BD4AB7F1-73CC-3491-A427-FF5CA7552F91} = {BD4AB7F1-73CC-3491-A427-FF5CA7552F91}
		{17FEDD72-C43E-37A7-91B0-254C85A38542} = {17FEDD72-C43E-37A7-91B0-254C85A38542}
	EndProjectSection
EndProject
Project("{8BC9CEB8-8B4A-11D0-8D11-00A0C91BC942}") = "Convolution_Template", "Convolution_Template.vcxproj", "{BA685FB6-5E85-3D41-96C2-7924F9B3B6A9}"
	ProjectSection(ProjectDependencies) = postProject
		{BD4AB7F1-73CC-3491-A427-FF5CA7552F91} = {BD4AB7F1-73CC-3491-A427-FF5CA7552F91}
		{17FEDD72-C43E-37A7-91B0-254C85A38542} = {17FEDD72-C43E-37A7-91B0-254C85A38542}
	EndProjectSection
EndProject
Project("{8BC9CEB8-8B4A-11D0-8D11-00A0C91BC942}") = "ZERO_CHECK", "ZERO_CHECK.vcxproj", "{BD4AB7F1-73CC-3491-A427-FF5CA7552F91}"
	ProjectSection(ProjectDependencies) = postProject
	EndProjectSection
EndProject
Project("{8BC9CEB8-8B4A-11D0-8D11-00A0C91BC942}") = "wb", "wb.vcxproj", "{17FEDD72-C43E-37A7-91B0-254C85A38542}"
	ProjectSection(ProjectDependencies) = postProject
		{BD4AB7F1-73CC-3491-A427-FF5CA7552F91} = {BD4AB7F1-73CC-3491-A427-FF5CA7552F91}
	EndProjectSection
EndProject
Global
	GlobalSection(SolutionConfigurationPlatforms) = preSolution
		Debug|x64 = Debug|x64
		Release|x64 = Release|x64
		MinSizeRel|x64 = MinSizeRel|x64
		RelWithDebInfo|x64 = RelWithDebInfo|x64
	EndGlobalSection
	GlobalSection(ProjectConfigurationPlatforms) = postSolution
		{69909186-17CB-3AB1-AE4A-CE638ED24DA5}.Debug|x64.ActiveCfg = Debug|x64
		{69909186-17CB-3AB1-AE4A-CE638ED24DA5}.Release|x64.ActiveCfg = Release|x64
		{69909186-17CB-3AB1-AE4A-CE638ED24DA5}.MinSizeRel|x64.ActiveCfg = MinSizeRel|x64
		{69909186-17CB-3AB1-AE4A-CE638ED24DA5}.RelWithDebInfo|x64.ActiveCfg = RelWithDebInfo|x64
		{BA685FB6-5E85-3D41-96C2-7924F9B3B6A9}.Debug|x64.ActiveCfg = Debug|x64
		{BA685FB6-5E85-3D41-96C2-7924F9B3B6A9}.Debug|x64.Build.0 = Debug|x64
		{BA685FB6-5E85-3D41-96C2-7924F9B3B6A9}.Release|x64.ActiveCfg = Release|x64
		{BA685FB6-5E85-3D41-96C2-7924F9B3B6A9}.Release|x64.Build.0 = Release|x64
		{BA685FB6-5E85-3D41-96C2-7924F9B3B6A9}.MinSizeRel|x64.ActiveCfg = MinSizeRel|x64
		{BA685FB6-5E85-3D41-96C2-7924F9B3B6A9}.MinSizeRel|x64.Build.0 = MinSizeRel|x64
		{BA685FB6-5E85-3D41-96C2-7924F9B3B6A9}.RelWithDebInfo|x64.ActiveCfg = RelWithDebInfo|x64
		{BA685FB6-5E85-3D41-96C2-7924F9B3B6A9}.RelWithDebInfo|x64.Build.0 = RelWithDebInfo|x64
		{BD4AB7F1-73CC-3491-A427-FF5CA7552F91}.Debug|x64.ActiveCfg = Debug|x64
		{BD4AB7F1-73CC-3491-A427-FF5CA7552F91}.Debug|x64.Build.0 = Debug|x64
		{BD4AB7F1-73CC-3491-A427-FF5CA7552F91}.Release|x64.ActiveCfg = Release|x64
		{BD4AB7F1-73CC-3491-A427-FF5CA7552F91}.Release|x64.Build.0 = Release|x64
		{BD4AB7F1-73CC-3491-A427-FF5CA7552F91}.MinSizeRel|x64.ActiveCfg = MinSizeRel|x64
		{BD4AB7F1-73CC-3491-A427-FF5CA7552F91}.MinSizeRel|x64.Build.0 = MinSizeRel|x64
		{BD4AB7F1-73CC-3491-A427-FF5CA7552F91}.RelWithDebInfo|x64.ActiveCfg = RelWithDebInfo|x64
		{BD4AB7F1-73CC-3491-A427-FF5CA7552F91}.RelWithDebInfo|x64.Build.0 = RelWithDebInfo|x64
		{17FEDD72-C43E-37A7-91B0-254C85A38542}.Debug|x64.ActiveCfg = Debug|x64
		{17FEDD72-C43E-37A7-91B0-254C85A38542}.Debug|x64.Build.0 = Debug|x64
		{17FEDD72-C43E-37A7-91B0-254C85A38542}.Release|x64.ActiveCfg = Release|x64
		{17FEDD72-C43E-37A7-91B0-254C85A38542}.Release|x64.Build.0 = Release|x64
		{17FEDD72-C43E-37A7-91B0-254C85A38542}.MinSizeRel|x64.ActiveCfg = MinSizeRel|x64
		{17FEDD72-C43E-37A7-91B0-254C85A38542}.MinSizeRel|x64.Build.0 = MinSizeRel|x64
		{17FEDD72-C43E-37A7-91B0-254C85A38542}.RelWithDebInfo|x64.ActiveCfg = RelWithDebInfo|x64
		{17FEDD72-C43E-37A7-91B0-254C85A38542}.RelWithDebInfo|x64.Build.0 = RelWithDebInfo|x64
	EndGlobalSection
	GlobalSection(NestedProjects) = preSolution
		{69909186-17CB-3AB1-AE4A-CE638ED24DA5} = {1EC3771E-F7B0-3028-A5CF-94CFF2C7BAB4}
		{BD4AB7F1-73CC-3491-A427-FF5CA7552F91} = {1EC3771E-F7B0-3028-A5CF-94CFF2C7BAB4}
	EndGlobalSection
	GlobalSection(ExtensibilityGlobals) = postSolution
		SolutionGuid = {34FA966B-60B3-3C76-B971-F455CB7299E0}
	EndGlobalSection
	GlobalSection(ExtensibilityAddIns) = postSolution
	EndGlobalSection
EndGlobal
